
Microsoft Visual Studio Solution File, Format Version 12.00
# Visual Studio 15
VisualStudioVersion = 15.0.27004.2005
MinimumVisualStudioVersion = 10.0.40219.1
Project("{FAE04EC0-301F-11D3-BF4B-00C04F79EFBC}") = "StaRucati", "StaRucati\StaRucati.csproj", "{BBC86FC7-39D6-4C6B-9315-C7F4FCA51642}"
EndProject
Global
	GlobalSection(SolutionConfigurationPlatforms) = preSolution
		Debug|Any CPU = Debug|Any CPU
		Release|Any CPU = Release|Any CPU
	EndGlobalSection
	GlobalSection(ProjectConfigurationPlatforms) = postSolution
		{BBC86FC7-39D6-4C6B-9315-C7F4FCA51642}.Debug|Any CPU.ActiveCfg = Debug|Any CPU
		{BBC86FC7-39D6-4C6B-9315-C7F4FCA51642}.Debug|Any CPU.Build.0 = Debug|Any CPU
		{BBC86FC7-39D6-4C6B-9315-C7F4FCA51642}.Release|Any CPU.ActiveCfg = Release|Any CPU
		{BBC86FC7-39D6-4C6B-9315-C7F4FCA51642}.Release|Any CPU.Build.0 = Release|Any CPU
	EndGlobalSection
	GlobalSection(SolutionProperties) = preSolution
		HideSolutionNode = FALSE
	EndGlobalSection
	GlobalSection(ExtensibilityGlobals) = postSolution
		SolutionGuid = {55A12B18-50E3-4587-A195-A993FBA4FC0C}
	EndGlobalSection
EndGlobal
